
Microsoft Visual Studio Solution File, Format Version 12.00
# Visual Studio Version 16
VisualStudioVersion = 16.0.32802.440
MinimumVisualStudioVersion = 10.0.40219.1
Project("{8BC9CEB8-8B4A-11D0-8D11-00A0C91BC942}") = "RUAPLV1Martin", "RUAPLV1Martin.vcxproj", "{D5D17B24-3D6A-4FA5-8A38-3EA87B62BC3C}"
EndProject
Global
	GlobalSection(SolutionConfigurationPlatforms) = preSolution
		Debug|x64 = Debug|x64
		Debug|x86 = Debug|x86
		Release|x64 = Release|x64
		Release|x86 = Release|x86
	EndGlobalSection
	GlobalSection(ProjectConfigurationPlatforms) = postSolution
		{D5D17B24-3D6A-4FA5-8A38-3EA87B62BC3C}.Debug|x64.ActiveCfg = Debug|x64
		{D5D17B24-3D6A-4FA5-8A38-3EA87B62BC3C}.Debug|x64.Build.0 = Debug|x64
		{D5D17B24-3D6A-4FA5-8A38-3EA87B62BC3C}.Debug|x86.ActiveCfg = Debug|Win32
		{D5D17B24-3D6A-4FA5-8A38-3EA87B62BC3C}.Debug|x86.Build.0 = Debug|Win32
		{D5D17B24-3D6A-4FA5-8A38-3EA87B62BC3C}.Release|x64.ActiveCfg = Release|x64
		{D5D17B24-3D6A-4FA5-8A38-3EA87B62BC3C}.Release|x64.Build.0 = Release|x64
		{D5D17B24-3D6A-4FA5-8A38-3EA87B62BC3C}.Release|x86.ActiveCfg = Release|Win32
		{D5D17B24-3D6A-4FA5-8A38-3EA87B62BC3C}.Release|x86.Build.0 = Release|Win32
	EndGlobalSection
	GlobalSection(SolutionProperties) = preSolution
		HideSolutionNode = FALSE
	EndGlobalSection
	GlobalSection(ExtensibilityGlobals) = postSolution
		SolutionGuid = {6A3515A9-5A42-4655-A669-C09234537759}
	EndGlobalSection
EndGlobal
